
Microsoft Visual Studio Solution File, Format Version 12.00
# Visual Studio 14
VisualStudioVersion = 14.0.24720.0
MinimumVisualStudioVersion = 10.0.40219.1
Project("{FAE04EC0-301F-11D3-BF4B-00C04F79EFBC}") = "EMS.Data.Repository", "EMS.Data.Repository\EMS.Data.Repository.csproj", "{5C62E78A-FDA3-4C85-B633-8F6DE541624E}"
EndProject
Project("{2150E333-8FDC-42A3-9474-1A3956D46DE8}") = "1 - Presentation", "1 - Presentation", "{BB291753-1CC5-4DC8-969F-2B9A0523628A}"
EndProject
Project("{2150E333-8FDC-42A3-9474-1A3956D46DE8}") = "2 - App", "2 - App", "{29AA7710-C343-448D-AE49-3A682FCE3E4D}"
EndProject
Project("{2150E333-8FDC-42A3-9474-1A3956D46DE8}") = "3 - Domain", "3 - Domain", "{122615C5-FAB7-41AA-997A-D732917CADE7}"
EndProject
Project("{2150E333-8FDC-42A3-9474-1A3956D46DE8}") = "4 - Infrastructure", "4 - Infrastructure", "{08BBA151-E1FF-4CD3-BBDC-EBC2A69A857E}"
EndProject
Project("{FAE04EC0-301F-11D3-BF4B-00C04F79EFBC}") = "EMS.Domain", "EMS.Domain\EMS.Domain.csproj", "{D9F3123C-D630-430E-A9AA-3F9FE5CA6F86}"
EndProject
Project("{FAE04EC0-301F-11D3-BF4B-00C04F79EFBC}") = "EMS.Application", "EMS.Application\EMS.Application.csproj", "{C35B6333-E414-4865-B91E-C39A3F12BC0F}"
EndProject
Project("{FAE04EC0-301F-11D3-BF4B-00C04F79EFBC}") = "EMS.Mvc", "EMS.Mvc\EMS.Mvc.csproj", "{0111FE81-AB72-4D17-BAB4-31A2C86DCD72}"
EndProject
Project("{2150E333-8FDC-42A3-9474-1A3956D46DE8}") = "x - Framework", "x - Framework", "{58412432-64EF-4C93-95C3-C12196EECB0E}"
EndProject
Project("{FAE04EC0-301F-11D3-BF4B-00C04F79EFBC}") = "EMS.Framework.Core", "EMS.Framework.Core\EMS.Framework.Core.csproj", "{94DF4922-1F4B-48AB-AC4E-4C6D4FF78752}"
EndProject
Project("{FAE04EC0-301F-11D3-BF4B-00C04F79EFBC}") = "EMS.CrossCutting.IoC", "EMS.CrossCutting.Ioc\EMS.CrossCutting.IoC.csproj", "{ECFDC465-FFA1-4ED6-B1D0-D9232863E379}"
EndProject
Project("{FAE04EC0-301F-11D3-BF4B-00C04F79EFBC}") = "EMS.Framework.Security", "EMS.Framework.Security\EMS.Framework.Security.csproj", "{06C5E27F-83D3-47EE-9C92-C7E5B57A3904}"
EndProject
Project("{FAE04EC0-301F-11D3-BF4B-00C04F79EFBC}") = "EMS.Resource", "EMS.Resource\EMS.Resource.csproj", "{0B8AA064-8318-4E2F-A5A9-938D3A91CED8}"
EndProject
Project("{2150E333-8FDC-42A3-9474-1A3956D46DE8}") = "0 - API", "0 - API", "{CE48BF23-A8E8-411E-87BF-E3DF54187F63}"
EndProject
Project("{FAE04EC0-301F-11D3-BF4B-00C04F79EFBC}") = "EMS.ASP.NET.WebAPI", "EMS.ASP.NET.WebAPI\EMS.ASP.NET.WebAPI.csproj", "{A338964C-1F24-487D-9DF2-738D255C7F85}"
EndProject
Project("{FAE04EC0-301F-11D3-BF4B-00C04F79EFBC}") = "EMS.Framework.Resource", "EMS.Framework.Resource\EMS.Framework.Resource.csproj", "{9727183C-8177-41B3-B9AF-70CD8B4DD0F8}"
EndProject
Project("{FAE04EC0-301F-11D3-BF4B-00C04F79EFBC}") = "EMS.Data.ExternalServices", "EMS.Data.ExternalServices\EMS.Data.ExternalServices.csproj", "{58859B48-4201-4156-A52C-105B99127810}"
EndProject
Global
	GlobalSection(SolutionConfigurationPlatforms) = preSolution
		Debug|Any CPU = Debug|Any CPU
		Release|Any CPU = Release|Any CPU
	EndGlobalSection
	GlobalSection(ProjectConfigurationPlatforms) = postSolution
		{5C62E78A-FDA3-4C85-B633-8F6DE541624E}.Debug|Any CPU.ActiveCfg = Debug|Any CPU
		{5C62E78A-FDA3-4C85-B633-8F6DE541624E}.Debug|Any CPU.Build.0 = Debug|Any CPU
		{5C62E78A-FDA3-4C85-B633-8F6DE541624E}.Release|Any CPU.ActiveCfg = Release|Any CPU
		{5C62E78A-FDA3-4C85-B633-8F6DE541624E}.Release|Any CPU.Build.0 = Release|Any CPU
		{D9F3123C-D630-430E-A9AA-3F9FE5CA6F86}.Debug|Any CPU.ActiveCfg = Debug|Any CPU
		{D9F3123C-D630-430E-A9AA-3F9FE5CA6F86}.Debug|Any CPU.Build.0 = Debug|Any CPU
		{D9F3123C-D630-430E-A9AA-3F9FE5CA6F86}.Release|Any CPU.ActiveCfg = Release|Any CPU
		{D9F3123C-D630-430E-A9AA-3F9FE5CA6F86}.Release|Any CPU.Build.0 = Release|Any CPU
		{C35B6333-E414-4865-B91E-C39A3F12BC0F}.Debug|Any CPU.ActiveCfg = Debug|Any CPU
		{C35B6333-E414-4865-B91E-C39A3F12BC0F}.Debug|Any CPU.Build.0 = Debug|Any CPU
		{C35B6333-E414-4865-B91E-C39A3F12BC0F}.Release|Any CPU.ActiveCfg = Release|Any CPU
		{C35B6333-E414-4865-B91E-C39A3F12BC0F}.Release|Any CPU.Build.0 = Release|Any CPU
		{0111FE81-AB72-4D17-BAB4-31A2C86DCD72}.Debug|Any CPU.ActiveCfg = Debug|Any CPU
		{0111FE81-AB72-4D17-BAB4-31A2C86DCD72}.Debug|Any CPU.Build.0 = Debug|Any CPU
		{0111FE81-AB72-4D17-BAB4-31A2C86DCD72}.Release|Any CPU.ActiveCfg = Release|Any CPU
		{0111FE81-AB72-4D17-BAB4-31A2C86DCD72}.Release|Any CPU.Build.0 = Release|Any CPU
		{94DF4922-1F4B-48AB-AC4E-4C6D4FF78752}.Debug|Any CPU.ActiveCfg = Debug|Any CPU
		{94DF4922-1F4B-48AB-AC4E-4C6D4FF78752}.Debug|Any CPU.Build.0 = Debug|Any CPU
		{94DF4922-1F4B-48AB-AC4E-4C6D4FF78752}.Release|Any CPU.ActiveCfg = Release|Any CPU
		{94DF4922-1F4B-48AB-AC4E-4C6D4FF78752}.Release|Any CPU.Build.0 = Release|Any CPU
		{ECFDC465-FFA1-4ED6-B1D0-D9232863E379}.Debug|Any CPU.ActiveCfg = Debug|Any CPU
		{ECFDC465-FFA1-4ED6-B1D0-D9232863E379}.Debug|Any CPU.Build.0 = Debug|Any CPU
		{ECFDC465-FFA1-4ED6-B1D0-D9232863E379}.Release|Any CPU.ActiveCfg = Release|Any CPU
		{ECFDC465-FFA1-4ED6-B1D0-D9232863E379}.Release|Any CPU.Build.0 = Release|Any CPU
		{06C5E27F-83D3-47EE-9C92-C7E5B57A3904}.Debug|Any CPU.ActiveCfg = Debug|Any CPU
		{06C5E27F-83D3-47EE-9C92-C7E5B57A3904}.Debug|Any CPU.Build.0 = Debug|Any CPU
		{06C5E27F-83D3-47EE-9C92-C7E5B57A3904}.Release|Any CPU.ActiveCfg = Release|Any CPU
		{06C5E27F-83D3-47EE-9C92-C7E5B57A3904}.Release|Any CPU.Build.0 = Release|Any CPU
		{0B8AA064-8318-4E2F-A5A9-938D3A91CED8}.Debug|Any CPU.ActiveCfg = Debug|Any CPU
		{0B8AA064-8318-4E2F-A5A9-938D3A91CED8}.Debug|Any CPU.Build.0 = Debug|Any CPU
		{0B8AA064-8318-4E2F-A5A9-938D3A91CED8}.Release|Any CPU.ActiveCfg = Release|Any CPU
		{0B8AA064-8318-4E2F-A5A9-938D3A91CED8}.Release|Any CPU.Build.0 = Release|Any CPU
		{A338964C-1F24-487D-9DF2-738D255C7F85}.Debug|Any CPU.ActiveCfg = Debug|Any CPU
		{A338964C-1F24-487D-9DF2-738D255C7F85}.Debug|Any CPU.Build.0 = Debug|Any CPU
		{A338964C-1F24-487D-9DF2-738D255C7F85}.Release|Any CPU.ActiveCfg = Release|Any CPU
		{A338964C-1F24-487D-9DF2-738D255C7F85}.Release|Any CPU.Build.0 = Release|Any CPU
		{9727183C-8177-41B3-B9AF-70CD8B4DD0F8}.Debug|Any CPU.ActiveCfg = Debug|Any CPU
		{9727183C-8177-41B3-B9AF-70CD8B4DD0F8}.Debug|Any CPU.Build.0 = Debug|Any CPU
		{9727183C-8177-41B3-B9AF-70CD8B4DD0F8}.Release|Any CPU.ActiveCfg = Release|Any CPU
		{9727183C-8177-41B3-B9AF-70CD8B4DD0F8}.Release|Any CPU.Build.0 = Release|Any CPU
		{58859B48-4201-4156-A52C-105B99127810}.Debug|Any CPU.ActiveCfg = Debug|Any CPU
		{58859B48-4201-4156-A52C-105B99127810}.Debug|Any CPU.Build.0 = Debug|Any CPU
		{58859B48-4201-4156-A52C-105B99127810}.Release|Any CPU.ActiveCfg = Release|Any CPU
		{58859B48-4201-4156-A52C-105B99127810}.Release|Any CPU.Build.0 = Release|Any CPU
	EndGlobalSection
	GlobalSection(SolutionProperties) = preSolution
		HideSolutionNode = FALSE
	EndGlobalSection
	GlobalSection(NestedProjects) = preSolution
		{5C62E78A-FDA3-4C85-B633-8F6DE541624E} = {08BBA151-E1FF-4CD3-BBDC-EBC2A69A857E}
		{D9F3123C-D630-430E-A9AA-3F9FE5CA6F86} = {122615C5-FAB7-41AA-997A-D732917CADE7}
		{C35B6333-E414-4865-B91E-C39A3F12BC0F} = {29AA7710-C343-448D-AE49-3A682FCE3E4D}
		{0111FE81-AB72-4D17-BAB4-31A2C86DCD72} = {BB291753-1CC5-4DC8-969F-2B9A0523628A}
		{94DF4922-1F4B-48AB-AC4E-4C6D4FF78752} = {58412432-64EF-4C93-95C3-C12196EECB0E}
		{ECFDC465-FFA1-4ED6-B1D0-D9232863E379} = {08BBA151-E1FF-4CD3-BBDC-EBC2A69A857E}
		{06C5E27F-83D3-47EE-9C92-C7E5B57A3904} = {58412432-64EF-4C93-95C3-C12196EECB0E}
		{0B8AA064-8318-4E2F-A5A9-938D3A91CED8} = {122615C5-FAB7-41AA-997A-D732917CADE7}
		{A338964C-1F24-487D-9DF2-738D255C7F85} = {CE48BF23-A8E8-411E-87BF-E3DF54187F63}
		{9727183C-8177-41B3-B9AF-70CD8B4DD0F8} = {58412432-64EF-4C93-95C3-C12196EECB0E}
		{58859B48-4201-4156-A52C-105B99127810} = {08BBA151-E1FF-4CD3-BBDC-EBC2A69A857E}
	EndGlobalSection
EndGlobal
